// !$*UTF8*$!
{
	archiveVersion = 1;
	classes = {
	};
	objectVersion = 50;
	objects = {

/* Begin PBXBuildFile section */
		63929CD926DA0D9F00916BF5 /* CircleImage.swift in Sources */ = {isa = PBXBuildFile; fileRef = 63929CD826DA0D9F00916BF5 /* CircleImage.swift */; };
		63929CDA26DA0D9F00916BF5 /* CircleImage.swift in Sources */ = {isa = PBXBuildFile; fileRef = 63929CD826DA0D9F00916BF5 /* CircleImage.swift */; };
		63929CDC26DA0F5100916BF5 /* MapView.swift in Sources */ = {isa = PBXBuildFile; fileRef = 63929CDB26DA0F5100916BF5 /* MapView.swift */; };
		63929CDD26DA0F5100916BF5 /* MapView.swift in Sources */ = {isa = PBXBuildFile; fileRef = 63929CDB26DA0F5100916BF5 /* MapView.swift */; };
		63929CDF26DA2C3200916BF5 /* landmarkData.json in Resources */ = {isa = PBXBuildFile; fileRef = 63929CDE26DA2C3200916BF5 /* landmarkData.json */; };
		63929CE026DA2C3200916BF5 /* landmarkData.json in Resources */ = {isa = PBXBuildFile; fileRef = 63929CDE26DA2C3200916BF5 /* landmarkData.json */; };
		63929CE226DA2C5600916BF5 /* LandmarkSwift.swift in Sources */ = {isa = PBXBuildFile; fileRef = 63929CE126DA2C5600916BF5 /* LandmarkSwift.swift */; };
		63929CE326DA2C5600916BF5 /* LandmarkSwift.swift in Sources */ = {isa = PBXBuildFile; fileRef = 63929CE126DA2C5600916BF5 /* LandmarkSwift.swift */; };
		63929CE526DA2E7B00916BF5 /* ModelData.swift in Sources */ = {isa = PBXBuildFile; fileRef = 63929CE426DA2E7B00916BF5 /* ModelData.swift */; };
		63929CE626DA2E7B00916BF5 /* ModelData.swift in Sources */ = {isa = PBXBuildFile; fileRef = 63929CE426DA2E7B00916BF5 /* ModelData.swift */; };
		63929CEF26DA3F1700916BF5 /* LandmarkRow.swift in Sources */ = {isa = PBXBuildFile; fileRef = 63929CEE26DA3F1700916BF5 /* LandmarkRow.swift */; };
		63929CF026DA3F1700916BF5 /* LandmarkRow.swift in Sources */ = {isa = PBXBuildFile; fileRef = 63929CEE26DA3F1700916BF5 /* LandmarkRow.swift */; };
		63929CF226DB2BBA00916BF5 /* LandmarkList.swift in Sources */ = {isa = PBXBuildFile; fileRef = 63929CF126DB2BBA00916BF5 /* LandmarkList.swift */; };
		63929CF326DB2BBA00916BF5 /* LandmarkList.swift in Sources */ = {isa = PBXBuildFile; fileRef = 63929CF126DB2BBA00916BF5 /* LandmarkList.swift */; };
		63929CF526DB305400916BF5 /* LandmarkDetail.swift in Sources */ = {isa = PBXBuildFile; fileRef = 63929CF426DB305400916BF5 /* LandmarkDetail.swift */; };
		63929CF626DB305400916BF5 /* LandmarkDetail.swift in Sources */ = {isa = PBXBuildFile; fileRef = 63929CF426DB305400916BF5 /* LandmarkDetail.swift */; };
		63CC155426D05A9000AB0D24 /* Tests_iOS.swift in Sources */ = {isa = PBXBuildFile; fileRef = 63CC155326D05A9000AB0D24 /* Tests_iOS.swift */; };
		63CC155F26D05A9000AB0D24 /* Tests_macOS.swift in Sources */ = {isa = PBXBuildFile; fileRef = 63CC155E26D05A9000AB0D24 /* Tests_macOS.swift */; };
		63CC156126D05A9000AB0D24 /* LandmarksApp.swift in Sources */ = {isa = PBXBuildFile; fileRef = 63CC153826D05A8F00AB0D24 /* LandmarksApp.swift */; };
		63CC156226D05A9000AB0D24 /* LandmarksApp.swift in Sources */ = {isa = PBXBuildFile; fileRef = 63CC153826D05A8F00AB0D24 /* LandmarksApp.swift */; };
		63CC156326D05A9000AB0D24 /* ContentView.swift in Sources */ = {isa = PBXBuildFile; fileRef = 63CC153926D05A8F00AB0D24 /* ContentView.swift */; };
		63CC156426D05A9000AB0D24 /* ContentView.swift in Sources */ = {isa = PBXBuildFile; fileRef = 63CC153926D05A8F00AB0D24 /* ContentView.swift */; };
		63CC156526D05A9000AB0D24 /* Assets.xcassets in Resources */ = {isa = PBXBuildFile; fileRef = 63CC153A26D05A9000AB0D24 /* Assets.xcassets */; };
		63CC156626D05A9000AB0D24 /* Assets.xcassets in Resources */ = {isa = PBXBuildFile; fileRef = 63CC153A26D05A9000AB0D24 /* Assets.xcassets */; };
/* End PBXBuildFile section */

/* Begin PBXContainerItemProxy section */
		63CC155026D05A9000AB0D24 /* PBXContainerItemProxy */ = {
			isa = PBXContainerItemProxy;
			containerPortal = 63CC153326D05A8F00AB0D24 /* Project object */;
			proxyType = 1;
			remoteGlobalIDString = 63CC153E26D05A9000AB0D24;
			remoteInfo = "Landmarks (iOS)";
		};
		63CC155B26D05A9000AB0D24 /* PBXContainerItemProxy */ = {
			isa = PBXContainerItemProxy;
			containerPortal = 63CC153326D05A8F00AB0D24 /* Project object */;
			proxyType = 1;
			remoteGlobalIDString = 63CC154626D05A9000AB0D24;
			remoteInfo = "Landmarks (macOS)";
		};
/* End PBXContainerItemProxy section */

/* Begin PBXFileReference section */
		63929CD826DA0D9F00916BF5 /* CircleImage.swift */ = {isa = PBXFileReference; lastKnownFileType = sourcecode.swift; path = CircleImage.swift; sourceTree = "<group>"; };
		63929CDB26DA0F5100916BF5 /* MapView.swift */ = {isa = PBXFileReference; lastKnownFileType = sourcecode.swift; path = MapView.swift; sourceTree = "<group>"; };
		63929CDE26DA2C3200916BF5 /* landmarkData.json */ = {isa = PBXFileReference; fileEncoding = 4; lastKnownFileType = text.json; path = landmarkData.json; sourceTree = "<group>"; };
		63929CE126DA2C5600916BF5 /* LandmarkSwift.swift */ = {isa = PBXFileReference; lastKnownFileType = sourcecode.swift; path = LandmarkSwift.swift; sourceTree = "<group>"; };
		63929CE426DA2E7B00916BF5 /* ModelData.swift */ = {isa = PBXFileReference; lastKnownFileType = sourcecode.swift; path = ModelData.swift; sourceTree = "<group>"; };
		63929CEE26DA3F1700916BF5 /* LandmarkRow.swift */ = {isa = PBXFileReference; lastKnownFileType = sourcecode.swift; path = LandmarkRow.swift; sourceTree = "<group>"; };
		63929CF126DB2BBA00916BF5 /* LandmarkList.swift */ = {isa = PBXFileReference; lastKnownFileType = sourcecode.swift; path = LandmarkList.swift; sourceTree = "<group>"; };
		63929CF426DB305400916BF5 /* LandmarkDetail.swift */ = {isa = PBXFileReference; lastKnownFileType = sourcecode.swift; path = LandmarkDetail.swift; sourceTree = "<group>"; };
		63CC153826D05A8F00AB0D24 /* LandmarksApp.swift */ = {isa = PBXFileReference; lastKnownFileType = sourcecode.swift; path = LandmarksApp.swift; sourceTree = "<group>"; };
		63CC153926D05A8F00AB0D24 /* ContentView.swift */ = {isa = PBXFileReference; lastKnownFileType = sourcecode.swift; path = ContentView.swift; sourceTree = "<group>"; };
		63CC153A26D05A9000AB0D24 /* Assets.xcassets */ = {isa = PBXFileReference; lastKnownFileType = folder.assetcatalog; path = Assets.xcassets; sourceTree = "<group>"; };
		63CC153F26D05A9000AB0D24 /* Landmarks.app */ = {isa = PBXFileReference; explicitFileType = wrapper.application; includeInIndex = 0; path = Landmarks.app; sourceTree = BUILT_PRODUCTS_DIR; };
		63CC154226D05A9000AB0D24 /* Info.plist */ = {isa = PBXFileReference; lastKnownFileType = text.plist.xml; path = Info.plist; sourceTree = "<group>"; };
		63CC154726D05A9000AB0D24 /* Landmarks.app */ = {isa = PBXFileReference; explicitFileType = wrapper.application; includeInIndex = 0; path = Landmarks.app; sourceTree = BUILT_PRODUCTS_DIR; };
		63CC154926D05A9000AB0D24 /* Info.plist */ = {isa = PBXFileReference; lastKnownFileType = text.plist.xml; path = Info.plist; sourceTree = "<group>"; };
		63CC154A26D05A9000AB0D24 /* macOS.entitlements */ = {isa = PBXFileReference; lastKnownFileType = text.plist.entitlements; path = macOS.entitlements; sourceTree = "<group>"; };
		63CC154F26D05A9000AB0D24 /* Tests iOS.xctest */ = {isa = PBXFileReference; explicitFileType = wrapper.cfbundle; includeInIndex = 0; path = "Tests iOS.xctest"; sourceTree = BUILT_PRODUCTS_DIR; };
		63CC155326D05A9000AB0D24 /* Tests_iOS.swift */ = {isa = PBXFileReference; lastKnownFileType = sourcecode.swift; path = Tests_iOS.swift; sourceTree = "<group>"; };
		63CC155526D05A9000AB0D24 /* Info.plist */ = {isa = PBXFileReference; lastKnownFileType = text.plist.xml; path = Info.plist; sourceTree = "<group>"; };
		63CC155A26D05A9000AB0D24 /* Tests macOS.xctest */ = {isa = PBXFileReference; explicitFileType = wrapper.cfbundle; includeInIndex = 0; path = "Tests macOS.xctest"; sourceTree = BUILT_PRODUCTS_DIR; };
		63CC155E26D05A9000AB0D24 /* Tests_macOS.swift */ = {isa = PBXFileReference; lastKnownFileType = sourcecode.swift; path = Tests_macOS.swift; sourceTree = "<group>"; };
		63CC156026D05A9000AB0D24 /* Info.plist */ = {isa = PBXFileReference; lastKnownFileType = text.plist.xml; path = Info.plist; sourceTree = "<group>"; };
/* End PBXFileReference section */

/* Begin PBXFrameworksBuildPhase section */
		63CC153C26D05A9000AB0D24 /* Frameworks */ = {
			isa = PBXFrameworksBuildPhase;
			buildActionMask = 2147483647;
			files = (
			);
			runOnlyForDeploymentPostprocessing = 0;
		};
		63CC154426D05A9000AB0D24 /* Frameworks */ = {
			isa = PBXFrameworksBuildPhase;
			buildActionMask = 2147483647;
			files = (
			);
			runOnlyForDeploymentPostprocessing = 0;
		};
		63CC154C26D05A9000AB0D24 /* Frameworks */ = {
			isa = PBXFrameworksBuildPhase;
			buildActionMask = 2147483647;
			files = (
			);
			runOnlyForDeploymentPostprocessing = 0;
		};
		63CC155726D05A9000AB0D24 /* Frameworks */ = {
			isa = PBXFrameworksBuildPhase;
			buildActionMask = 2147483647;
			files = (
			);
			runOnlyForDeploymentPostprocessing = 0;
		};
/* End PBXFrameworksBuildPhase section */

/* Begin PBXGroup section */
		63929CE726DA3DFE00916BF5 /* View */ = {
			isa = PBXGroup;
			children = (
				63CC153926D05A8F00AB0D24 /* ContentView.swift */,
				63929CD826DA0D9F00916BF5 /* CircleImage.swift */,
				63929CDB26DA0F5100916BF5 /* MapView.swift */,
				63929CEE26DA3F1700916BF5 /* LandmarkRow.swift */,
				63929CF126DB2BBA00916BF5 /* LandmarkList.swift */,
				63929CF426DB305400916BF5 /* LandmarkDetail.swift */,
			);
			path = View;
			sourceTree = "<group>";
		};
		63929CE826DA3E0900916BF5 /* Model */ = {
			isa = PBXGroup;
			children = (
				63929CE126DA2C5600916BF5 /* LandmarkSwift.swift */,
				63929CE426DA2E7B00916BF5 /* ModelData.swift */,
			);
			path = Model;
			sourceTree = "<group>";
		};
		63929CE926DA3E0E00916BF5 /* Resources */ = {
			isa = PBXGroup;
			children = (
				63929CDE26DA2C3200916BF5 /* landmarkData.json */,
			);
			path = Resources;
			sourceTree = "<group>";
		};
		63CC153226D05A8F00AB0D24 = {
			isa = PBXGroup;
			children = (
				63CC153726D05A8F00AB0D24 /* Shared */,
				63CC154126D05A9000AB0D24 /* iOS */,
				63CC154826D05A9000AB0D24 /* macOS */,
				63CC155226D05A9000AB0D24 /* Tests iOS */,
				63CC155D26D05A9000AB0D24 /* Tests macOS */,
				63CC154026D05A9000AB0D24 /* Products */,
			);
			sourceTree = "<group>";
		};
		63CC153726D05A8F00AB0D24 /* Shared */ = {
			isa = PBXGroup;
			children = (
				63929CE926DA3E0E00916BF5 /* Resources */,
				63929CE826DA3E0900916BF5 /* Model */,
				63929CE726DA3DFE00916BF5 /* View */,
				63CC153826D05A8F00AB0D24 /* LandmarksApp.swift */,
				63CC153A26D05A9000AB0D24 /* Assets.xcassets */,
			);
			path = Shared;
			sourceTree = "<group>";
		};
		63CC154026D05A9000AB0D24 /* Products */ = {
			isa = PBXGroup;
			children = (
				63CC153F26D05A9000AB0D24 /* Landmarks.app */,
				63CC154726D05A9000AB0D24 /* Landmarks.app */,
				63CC154F26D05A9000AB0D24 /* Tests iOS.xctest */,
				63CC155A26D05A9000AB0D24 /* Tests macOS.xctest */,
			);
			name = Products;
			sourceTree = "<group>";
		};
		63CC154126D05A9000AB0D24 /* iOS */ = {
			isa = PBXGroup;
			children = (
				63CC154226D05A9000AB0D24 /* Info.plist */,
			);
			path = iOS;
			sourceTree = "<group>";
		};
		63CC154826D05A9000AB0D24 /* macOS */ = {
			isa = PBXGroup;
			children = (
				63CC154926D05A9000AB0D24 /* Info.plist */,
				63CC154A26D05A9000AB0D24 /* macOS.entitlements */,
			);
			path = macOS;
			sourceTree = "<group>";
		};
		63CC155226D05A9000AB0D24 /* Tests iOS */ = {
			isa = PBXGroup;
			children = (
				63CC155326D05A9000AB0D24 /* Tests_iOS.swift */,
				63CC155526D05A9000AB0D24 /* Info.plist */,
			);
			path = "Tests iOS";
			sourceTree = "<group>";
		};
		63CC155D26D05A9000AB0D24 /* Tests macOS */ = {
			isa = PBXGroup;
			children = (
				63CC155E26D05A9000AB0D24 /* Tests_macOS.swift */,
				63CC156026D05A9000AB0D24 /* Info.plist */,
			);
			path = "Tests macOS";
			sourceTree = "<group>";
		};
/* End PBXGroup section */

/* Begin PBXNativeTarget section */
		63CC153E26D05A9000AB0D24 /* Landmarks (iOS) */ = {
			isa = PBXNativeTarget;
			buildConfigurationList = 63CC156926D05A9000AB0D24 /* Build configuration list for PBXNativeTarget "Landmarks (iOS)" */;
			buildPhases = (
				63CC153B26D05A9000AB0D24 /* Sources */,
				63CC153C26D05A9000AB0D24 /* Frameworks */,
				63CC153D26D05A9000AB0D24 /* Resources */,
			);
			buildRules = (
			);
			dependencies = (
			);
			name = "Landmarks (iOS)";
			productName = "Landmarks (iOS)";
			productReference = 63CC153F26D05A9000AB0D24 /* Landmarks.app */;
			productType = "com.apple.product-type.application";
		};
		63CC154626D05A9000AB0D24 /* Landmarks (macOS) */ = {
			isa = PBXNativeTarget;
			buildConfigurationList = 63CC156C26D05A9000AB0D24 /* Build configuration list for PBXNativeTarget "Landmarks (macOS)" */;
			buildPhases = (
				63CC154326D05A9000AB0D24 /* Sources */,
				63CC154426D05A9000AB0D24 /* Frameworks */,
				63CC154526D05A9000AB0D24 /* Resources */,
			);
			buildRules = (
			);
			dependencies = (
			);
			name = "Landmarks (macOS)";
			productName = "Landmarks (macOS)";
			productReference = 63CC154726D05A9000AB0D24 /* Landmarks.app */;
			productType = "com.apple.product-type.application";
		};
		63CC154E26D05A9000AB0D24 /* Tests iOS */ = {
			isa = PBXNativeTarget;
			buildConfigurationList = 63CC156F26D05A9000AB0D24 /* Build configuration list for PBXNativeTarget "Tests iOS" */;
			buildPhases = (
				63CC154B26D05A9000AB0D24 /* Sources */,
				63CC154C26D05A9000AB0D24 /* Frameworks */,
				63CC154D26D05A9000AB0D24 /* Resources */,
			);
			buildRules = (
			);
			dependencies = (
				63CC155126D05A9000AB0D24 /* PBXTargetDependency */,
			);
			name = "Tests iOS";
			productName = "Tests iOS";
			productReference = 63CC154F26D05A9000AB0D24 /* Tests iOS.xctest */;
			productType = "com.apple.product-type.bundle.ui-testing";
		};
		63CC155926D05A9000AB0D24 /* Tests macOS */ = {
			isa = PBXNativeTarget;
			buildConfigurationList = 63CC157226D05A9000AB0D24 /* Build configuration list for PBXNativeTarget "Tests macOS" */;
			buildPhases = (
				63CC155626D05A9000AB0D24 /* Sources */,
				63CC155726D05A9000AB0D24 /* Frameworks */,
				63CC155826D05A9000AB0D24 /* Resources */,
			);
			buildRules = (
			);
			dependencies = (
				63CC155C26D05A9000AB0D24 /* PBXTargetDependency */,
			);
			name = "Tests macOS";
			productName = "Tests macOS";
			productReference = 63CC155A26D05A9000AB0D24 /* Tests macOS.xctest */;
			productType = "com.apple.product-type.bundle.ui-testing";
		};
/* End PBXNativeTarget section */

/* Begin PBXProject section */
		63CC153326D05A8F00AB0D24 /* Project object */ = {
			isa = PBXProject;
			attributes = {
				LastSwiftUpdateCheck = 1250;
				LastUpgradeCheck = 1250;
				TargetAttributes = {
					63CC153E26D05A9000AB0D24 = {
						CreatedOnToolsVersion = 12.5.1;
					};
					63CC154626D05A9000AB0D24 = {
						CreatedOnToolsVersion = 12.5.1;
					};
					63CC154E26D05A9000AB0D24 = {
						CreatedOnToolsVersion = 12.5.1;
						TestTargetID = 63CC153E26D05A9000AB0D24;
					};
					63CC155926D05A9000AB0D24 = {
						CreatedOnToolsVersion = 12.5.1;
						TestTargetID = 63CC154626D05A9000AB0D24;
					};
				};
			};
			buildConfigurationList = 63CC153626D05A8F00AB0D24 /* Build configuration list for PBXProject "Landmarks" */;
			compatibilityVersion = "Xcode 9.3";
			developmentRegion = en;
			hasScannedForEncodings = 0;
			knownRegions = (
				en,
				Base,
			);
			mainGroup = 63CC153226D05A8F00AB0D24;
			productRefGroup = 63CC154026D05A9000AB0D24 /* Products */;
			projectDirPath = "";
			projectRoot = "";
			targets = (
				63CC153E26D05A9000AB0D24 /* Landmarks (iOS) */,
				63CC154626D05A9000AB0D24 /* Landmarks (macOS) */,
				63CC154E26D05A9000AB0D24 /* Tests iOS */,
				63CC155926D05A9000AB0D24 /* Tests macOS */,
			);
		};
/* End PBXProject section */

/* Begin PBXResourcesBuildPhase section */
		63CC153D26D05A9000AB0D24 /* Resources */ = {
			isa = PBXResourcesBuildPhase;
			buildActionMask = 2147483647;
			files = (
				63CC156526D05A9000AB0D24 /* Assets.xcassets in Resources */,
				63929CDF26DA2C3200916BF5 /* landmarkData.json in Resources */,
			);
			runOnlyForDeploymentPostprocessing = 0;
		};
		63CC154526D05A9000AB0D24 /* Resources */ = {
			isa = PBXResourcesBuildPhase;
			buildActionMask = 2147483647;
			files = (
				63CC156626D05A9000AB0D24 /* Assets.xcassets in Resources */,
				63929CE026DA2C3200916BF5 /* landmarkData.json in Resources */,
			);
			runOnlyForDeploymentPostprocessing = 0;
		};
		63CC154D26D05A9000AB0D24 /* Resources */ = {
			isa = PBXResourcesBuildPhase;
			buildActionMask = 2147483647;
			files = (
			);
			runOnlyForDeploymentPostprocessing = 0;
		};
		63CC155826D05A9000AB0D24 /* Resources */ = {
			isa = PBXResourcesBuildPhase;
			buildActionMask = 2147483647;
			files = (
			);
			runOnlyForDeploymentPostprocessing = 0;
		};
/* End PBXResourcesBuildPhase section */

/* Begin PBXSourcesBuildPhase section */
		63CC153B26D05A9000AB0D24 /* Sources */ = {
			isa = PBXSourcesBuildPhase;
			buildActionMask = 2147483647;
			files = (
				63CC156326D05A9000AB0D24 /* ContentView.swift in Sources */,
				63929CDC26DA0F5100916BF5 /* MapView.swift in Sources */,
				63CC156126D05A9000AB0D24 /* LandmarksApp.swift in Sources */,
				63929CF226DB2BBA00916BF5 /* LandmarkList.swift in Sources */,
				63929CF526DB305400916BF5 /* LandmarkDetail.swift in Sources */,
				63929CD926DA0D9F00916BF5 /* CircleImage.swift in Sources */,
				63929CE226DA2C5600916BF5 /* LandmarkSwift.swift in Sources */,
				63929CEF26DA3F1700916BF5 /* LandmarkRow.swift in Sources */,
				63929CE526DA2E7B00916BF5 /* ModelData.swift in Sources */,
			);
			runOnlyForDeploymentPostprocessing = 0;
		};
		63CC154326D05A9000AB0D24 /* Sources */ = {
			isa = PBXSourcesBuildPhase;
			buildActionMask = 2147483647;
			files = (
				63CC156426D05A9000AB0D24 /* ContentView.swift in Sources */,
				63929CDD26DA0F5100916BF5 /* MapView.swift in Sources */,
				63CC156226D05A9000AB0D24 /* LandmarksApp.swift in Sources */,
				63929CF326DB2BBA00916BF5 /* LandmarkList.swift in Sources */,
				63929CF626DB305400916BF5 /* LandmarkDetail.swift in Sources */,
				63929CDA26DA0D9F00916BF5 /* CircleImage.swift in Sources */,
				63929CE326DA2C5600916BF5 /* LandmarkSwift.swift in Sources */,
				63929CF026DA3F1700916BF5 /* LandmarkRow.swift in Sources */,
				63929CE626DA2E7B00916BF5 /* ModelData.swift in Sources */,
			);
			runOnlyForDeploymentPostprocessing = 0;
		};
		63CC154B26D05A9000AB0D24 /* Sources */ = {
			isa = PBXSourcesBuildPhase;
			buildActionMask = 2147483647;
			files = (
				63CC155426D05A9000AB0D24 /* Tests_iOS.swift in Sources */,
			);
			runOnlyForDeploymentPostprocessing = 0;
		};
		63CC155626D05A9000AB0D24 /* Sources */ = {
			isa = PBXSourcesBuildPhase;
			buildActionMask = 2147483647;
			files = (
				63CC155F26D05A9000AB0D24 /* Tests_macOS.swift in Sources */,
			);
			runOnlyForDeploymentPostprocessing = 0;
		};
/* End PBXSourcesBuildPhase section */

/* Begin PBXTargetDependency section */
		63CC155126D05A9000AB0D24 /* PBXTargetDependency */ = {
			isa = PBXTargetDependency;
			target = 63CC153E26D05A9000AB0D24 /* Landmarks (iOS) */;
			targetProxy = 63CC155026D05A9000AB0D24 /* PBXContainerItemProxy */;
		};
		63CC155C26D05A9000AB0D24 /* PBXTargetDependency */ = {
			isa = PBXTargetDependency;
			target = 63CC154626D05A9000AB0D24 /* Landmarks (macOS) */;
			targetProxy = 63CC155B26D05A9000AB0D24 /* PBXContainerItemProxy */;
		};
/* End PBXTargetDependency section */

/* Begin XCBuildConfiguration section */
		63CC156726D05A9000AB0D24 /* Debug */ = {
			isa = XCBuildConfiguration;
			buildSettings = {
				ALWAYS_SEARCH_USER_PATHS = NO;
				CLANG_ANALYZER_NONNULL = YES;
				CLANG_ANALYZER_NUMBER_OBJECT_CONVERSION = YES_AGGRESSIVE;
				CLANG_CXX_LANGUAGE_STANDARD = "gnu++14";
				CLANG_CXX_LIBRARY = "libc++";
				CLANG_ENABLE_MODULES = YES;
				CLANG_ENABLE_OBJC_ARC = YES;
				CLANG_ENABLE_OBJC_WEAK = YES;
				CLANG_WARN_BLOCK_CAPTURE_AUTORELEASING = YES;
				CLANG_WARN_BOOL_CONVERSION = YES;
				CLANG_WARN_COMMA = YES;
				CLANG_WARN_CONSTANT_CONVERSION = YES;
				CLANG_WARN_DEPRECATED_OBJC_IMPLEMENTATIONS = YES;
				CLANG_WARN_DIRECT_OBJC_ISA_USAGE = YES_ERROR;
				CLANG_WARN_DOCUMENTATION_COMMENTS = YES;
				CLANG_WARN_EMPTY_BODY = YES;
				CLANG_WARN_ENUM_CONVERSION = YES;
				CLANG_WARN_INFINITE_RECURSION = YES;
				CLANG_WARN_INT_CONVERSION = YES;
				CLANG_WARN_NON_LITERAL_NULL_CONVERSION = YES;
				CLANG_WARN_OBJC_IMPLICIT_RETAIN_SELF = YES;
				CLANG_WARN_OBJC_LITERAL_CONVERSION = YES;
				CLANG_WARN_OBJC_ROOT_CLASS = YES_ERROR;
				CLANG_WARN_QUOTED_INCLUDE_IN_FRAMEWORK_HEADER = YES;
				CLANG_WARN_RANGE_LOOP_ANALYSIS = YES;
				CLANG_WARN_STRICT_PROTOTYPES = YES;
				CLANG_WARN_SUSPICIOUS_MOVE = YES;
				CLANG_WARN_UNGUARDED_AVAILABILITY = YES_AGGRESSIVE;
				CLANG_WARN_UNREACHABLE_CODE = YES;
				CLANG_WARN__DUPLICATE_METHOD_MATCH = YES;
				COPY_PHASE_STRIP = NO;
				DEBUG_INFORMATION_FORMAT = dwarf;
				ENABLE_STRICT_OBJC_MSGSEND = YES;
				ENABLE_TESTABILITY = YES;
				GCC_C_LANGUAGE_STANDARD = gnu11;
				GCC_DYNAMIC_NO_PIC = NO;
				GCC_NO_COMMON_BLOCKS = YES;
				GCC_OPTIMIZATION_LEVEL = 0;
				GCC_PREPROCESSOR_DEFINITIONS = (
					"DEBUG=1",
					"$(inherited)",
				);
				GCC_WARN_64_TO_32_BIT_CONVERSION = YES;
				GCC_WARN_ABOUT_RETURN_TYPE = YES_ERROR;
				GCC_WARN_UNDECLARED_SELECTOR = YES;
				GCC_WARN_UNINITIALIZED_AUTOS = YES_AGGRESSIVE;
				GCC_WARN_UNUSED_FUNCTION = YES;
				GCC_WARN_UNUSED_VARIABLE = YES;
				MTL_ENABLE_DEBUG_INFO = INCLUDE_SOURCE;
				MTL_FAST_MATH = YES;
				ONLY_ACTIVE_ARCH = YES;
				SWIFT_ACTIVE_COMPILATION_CONDITIONS = DEBUG;
				SWIFT_OPTIMIZATION_LEVEL = "-Onone";
			};
			name = Debug;
		};
		63CC156826D05A9000AB0D24 /* Release */ = {
			isa = XCBuildConfiguration;
			buildSettings = {
				ALWAYS_SEARCH_USER_PATHS = NO;
				CLANG_ANALYZER_NONNULL = YES;
				CLANG_ANALYZER_NUMBER_OBJECT_CONVERSION = YES_AGGRESSIVE;
				CLANG_CXX_LANGUAGE_STANDARD = "gnu++14";
				CLANG_CXX_LIBRARY = "libc++";
				CLANG_ENABLE_MODULES = YES;
				CLANG_ENABLE_OBJC_ARC = YES;
				CLANG_ENABLE_OBJC_WEAK = YES;
				CLANG_WARN_BLOCK_CAPTURE_AUTORELEASING = YES;
				CLANG_WARN_BOOL_CONVERSION = YES;
				CLANG_WARN_COMMA = YES;
				CLANG_WARN_CONSTANT_CONVERSION = YES;
				CLANG_WARN_DEPRECATED_OBJC_IMPLEMENTATIONS = YES;
				CLANG_WARN_DIRECT_OBJC_ISA_USAGE = YES_ERROR;
				CLANG_WARN_DOCUMENTATION_COMMENTS = YES;
				CLANG_WARN_EMPTY_BODY = YES;
				CLANG_WARN_ENUM_CONVERSION = YES;
				CLANG_WARN_INFINITE_RECURSION = YES;
				CLANG_WARN_INT_CONVERSION = YES;
				CLANG_WARN_NON_LITERAL_NULL_CONVERSION = YES;
				CLANG_WARN_OBJC_IMPLICIT_RETAIN_SELF = YES;
				CLANG_WARN_OBJC_LITERAL_CONVERSION = YES;
				CLANG_WARN_OBJC_ROOT_CLASS = YES_ERROR;
				CLANG_WARN_QUOTED_INCLUDE_IN_FRAMEWORK_HEADER = YES;
				CLANG_WARN_RANGE_LOOP_ANALYSIS = YES;
				CLANG_WARN_STRICT_PROTOTYPES = YES;
				CLANG_WARN_SUSPICIOUS_MOVE = YES;
				CLANG_WARN_UNGUARDED_AVAILABILITY = YES_AGGRESSIVE;
				CLANG_WARN_UNREACHABLE_CODE = YES;
				CLANG_WARN__DUPLICATE_METHOD_MATCH = YES;
				COPY_PHASE_STRIP = NO;
				DEBUG_INFORMATION_FORMAT = "dwarf-with-dsym";
				ENABLE_NS_ASSERTIONS = NO;
				ENABLE_STRICT_OBJC_MSGSEND = YES;
				GCC_C_LANGUAGE_STANDARD = gnu11;
				GCC_NO_COMMON_BLOCKS = YES;
				GCC_WARN_64_TO_32_BIT_CONVERSION = YES;
				GCC_WARN_ABOUT_RETURN_TYPE = YES_ERROR;
				GCC_WARN_UNDECLARED_SELECTOR = YES;
				GCC_WARN_UNINITIALIZED_AUTOS = YES_AGGRESSIVE;
				GCC_WARN_UNUSED_FUNCTION = YES;
				GCC_WARN_UNUSED_VARIABLE = YES;
				MTL_ENABLE_DEBUG_INFO = NO;
				MTL_FAST_MATH = YES;
				SWIFT_COMPILATION_MODE = wholemodule;
				SWIFT_OPTIMIZATION_LEVEL = "-O";
			};
			name = Release;
		};
		63CC156A26D05A9000AB0D24 /* Debug */ = {
			isa = XCBuildConfiguration;
			buildSettings = {
				ASSETCATALOG_COMPILER_APPICON_NAME = AppIcon;
				ASSETCATALOG_COMPILER_GLOBAL_ACCENT_COLOR_NAME = AccentColor;
				CODE_SIGN_STYLE = Automatic;
				DEVELOPMENT_TEAM = 359G2839XB;
				ENABLE_PREVIEWS = YES;
				INFOPLIST_FILE = iOS/Info.plist;
				IPHONEOS_DEPLOYMENT_TARGET = 14.0;
				LD_RUNPATH_SEARCH_PATHS = (
					"$(inherited)",
					"@executable_path/Frameworks",
				);
				PRODUCT_BUNDLE_IDENTIFIER = archa.Landmarks;
				PRODUCT_NAME = Landmarks;
				SDKROOT = iphoneos;
				SWIFT_VERSION = 5.0;
				TARGETED_DEVICE_FAMILY = "1,2";
			};
			name = Debug;
		};
		63CC156B26D05A9000AB0D24 /* Release */ = {
			isa = XCBuildConfiguration;
			buildSettings = {
				ASSETCATALOG_COMPILER_APPICON_NAME = AppIcon;
				ASSETCATALOG_COMPILER_GLOBAL_ACCENT_COLOR_NAME = AccentColor;
				CODE_SIGN_STYLE = Automatic;
				DEVELOPMENT_TEAM = 359G2839XB;
				ENABLE_PREVIEWS = YES;
				INFOPLIST_FILE = iOS/Info.plist;
				IPHONEOS_DEPLOYMENT_TARGET = 14.0;
				LD_RUNPATH_SEARCH_PATHS = (
					"$(inherited)",
					"@executable_path/Frameworks",
				);
				PRODUCT_BUNDLE_IDENTIFIER = archa.Landmarks;
				PRODUCT_NAME = Landmarks;
				SDKROOT = iphoneos;
				SWIFT_VERSION = 5.0;
				TARGETED_DEVICE_FAMILY = "1,2";
				VALIDATE_PRODUCT = YES;
			};
			name = Release;
		};
		63CC156D26D05A9000AB0D24 /* Debug */ = {
			isa = XCBuildConfiguration;
			buildSettings = {
				ASSETCATALOG_COMPILER_APPICON_NAME = AppIcon;
				ASSETCATALOG_COMPILER_GLOBAL_ACCENT_COLOR_NAME = AccentColor;
				CODE_SIGN_ENTITLEMENTS = macOS/macOS.entitlements;
				CODE_SIGN_STYLE = Automatic;
				COMBINE_HIDPI_IMAGES = YES;
				DEVELOPMENT_TEAM = 359G2839XB;
				ENABLE_HARDENED_RUNTIME = YES;
				ENABLE_PREVIEWS = YES;
				INFOPLIST_FILE = macOS/Info.plist;
				LD_RUNPATH_SEARCH_PATHS = (
					"$(inherited)",
					"@executable_path/../Frameworks",
				);
				MACOSX_DEPLOYMENT_TARGET = 11.0;
				PRODUCT_BUNDLE_IDENTIFIER = archa.Landmarks;
				PRODUCT_NAME = Landmarks;
				SDKROOT = macosx;
				SWIFT_VERSION = 5.0;
			};
			name = Debug;
		};
		63CC156E26D05A9000AB0D24 /* Release */ = {
			isa = XCBuildConfiguration;
			buildSettings = {
				ASSETCATALOG_COMPILER_APPICON_NAME = AppIcon;
				ASSETCATALOG_COMPILER_GLOBAL_ACCENT_COLOR_NAME = AccentColor;
				CODE_SIGN_ENTITLEMENTS = macOS/macOS.entitlements;
				CODE_SIGN_STYLE = Automatic;
				COMBINE_HIDPI_IMAGES = YES;
				DEVELOPMENT_TEAM = 359G2839XB;
				ENABLE_HARDENED_RUNTIME = YES;
				ENABLE_PREVIEWS = YES;
				INFOPLIST_FILE = macOS/Info.plist;
				LD_RUNPATH_SEARCH_PATHS = (
					"$(inherited)",
					"@executable_path/../Frameworks",
				);
				MACOSX_DEPLOYMENT_TARGET = 11.0;
				PRODUCT_BUNDLE_IDENTIFIER = archa.Landmarks;
				PRODUCT_NAME = Landmarks;
				SDKROOT = macosx;
				SWIFT_VERSION = 5.0;
			};
			name = Release;
		};
		63CC157026D05A9000AB0D24 /* Debug */ = {
			isa = XCBuildConfiguration;
			buildSettings = {
				ALWAYS_EMBED_SWIFT_STANDARD_LIBRARIES = YES;
				CODE_SIGN_STYLE = Automatic;
				DEVELOPMENT_TEAM = 359G2839XB;
				INFOPLIST_FILE = "Tests iOS/Info.plist";
				IPHONEOS_DEPLOYMENT_TARGET = 14.5;
				LD_RUNPATH_SEARCH_PATHS = (
					"$(inherited)",
					"@executable_path/Frameworks",
					"@loader_path/Frameworks",
				);
				PRODUCT_BUNDLE_IDENTIFIER = "archa.Tests-iOS";
				PRODUCT_NAME = "$(TARGET_NAME)";
				SDKROOT = iphoneos;
				SWIFT_VERSION = 5.0;
				TARGETED_DEVICE_FAMILY = "1,2";
				TEST_TARGET_NAME = "Landmarks (iOS)";
			};
			name = Debug;
		};
		63CC157126D05A9000AB0D24 /* Release */ = {
			isa = XCBuildConfiguration;
			buildSettings = {
				ALWAYS_EMBED_SWIFT_STANDARD_LIBRARIES = YES;
				CODE_SIGN_STYLE = Automatic;
				DEVELOPMENT_TEAM = 359G2839XB;
				INFOPLIST_FILE = "Tests iOS/Info.plist";
				IPHONEOS_DEPLOYMENT_TARGET = 14.5;
				LD_RUNPATH_SEARCH_PATHS = (
					"$(inherited)",
					"@executable_path/Frameworks",
					"@loader_path/Frameworks",
				);
				PRODUCT_BUNDLE_IDENTIFIER = "archa.Tests-iOS";
				PRODUCT_NAME = "$(TARGET_NAME)";
				SDKROOT = iphoneos;
				SWIFT_VERSION = 5.0;
				TARGETED_DEVICE_FAMILY = "1,2";
				TEST_TARGET_NAME = "Landmarks (iOS)";
				VALIDATE_PRODUCT = YES;
			};
			name = Release;
		};
		63CC157326D05A9000AB0D24 /* Debug */ = {
			isa = XCBuildConfiguration;
			buildSettings = {
				ALWAYS_EMBED_SWIFT_STANDARD_LIBRARIES = YES;
				CODE_SIGN_STYLE = Automatic;
				COMBINE_HIDPI_IMAGES = YES;
				DEVELOPMENT_TEAM = 359G2839XB;
				INFOPLIST_FILE = "Tests macOS/Info.plist";
				LD_RUNPATH_SEARCH_PATHS = (
					"$(inherited)",
					"@executable_path/../Frameworks",
					"@loader_path/../Frameworks",
				);
				MACOSX_DEPLOYMENT_TARGET = 11.3;
				PRODUCT_BUNDLE_IDENTIFIER = "archa.Tests-macOS";
				PRODUCT_NAME = "$(TARGET_NAME)";
				SDKROOT = macosx;
				SWIFT_VERSION = 5.0;
				TEST_TARGET_NAME = "Landmarks (macOS)";
			};
			name = Debug;
		};
		63CC157426D05A9000AB0D24 /* Release */ = {
			isa = XCBuildConfiguration;
			buildSettings = {
				ALWAYS_EMBED_SWIFT_STANDARD_LIBRARIES = YES;
				CODE_SIGN_STYLE = Automatic;
				COMBINE_HIDPI_IMAGES = YES;
				DEVELOPMENT_TEAM = 359G2839XB;
				INFOPLIST_FILE = "Tests macOS/Info.plist";
				LD_RUNPATH_SEARCH_PATHS = (
					"$(inherited)",
					"@executable_path/../Frameworks",
					"@loader_path/../Frameworks",
				);
				MACOSX_DEPLOYMENT_TARGET = 11.3;
				PRODUCT_BUNDLE_IDENTIFIER = "archa.Tests-macOS";
				PRODUCT_NAME = "$(TARGET_NAME)";
				SDKROOT = macosx;
				SWIFT_VERSION = 5.0;
				TEST_TARGET_NAME = "Landmarks (macOS)";
			};
			name = Release;
		};
/* End XCBuildConfiguration section */

/* Begin XCConfigurationList section */
		63CC153626D05A8F00AB0D24 /* Build configuration list for PBXProject "Landmarks" */ = {
			isa = XCConfigurationList;
			buildConfigurations = (
				63CC156726D05A9000AB0D24 /* Debug */,
				63CC156826D05A9000AB0D24 /* Release */,
			);
			defaultConfigurationIsVisible = 0;
			defaultConfigurationName = Release;
		};
		63CC156926D05A9000AB0D24 /* Build configuration list for PBXNativeTarget "Landmarks (iOS)" */ = {
			isa = XCConfigurationList;
			buildConfigurations = (
				63CC156A26D05A9000AB0D24 /* Debug */,
				63CC156B26D05A9000AB0D24 /* Release */,
			);
			defaultConfigurationIsVisible = 0;
			defaultConfigurationName = Release;
		};
		63CC156C26D05A9000AB0D24 /* Build configuration list for PBXNativeTarget "Landmarks (macOS)" */ = {
			isa = XCConfigurationList;
			buildConfigurations = (
				63CC156D26D05A9000AB0D24 /* Debug */,
				63CC156E26D05A9000AB0D24 /* Release */,
			);
			defaultConfigurationIsVisible = 0;
			defaultConfigurationName = Release;
		};
		63CC156F26D05A9000AB0D24 /* Build configuration list for PBXNativeTarget "Tests iOS" */ = {
			isa = XCConfigurationList;
			buildConfigurations = (
				63CC157026D05A9000AB0D24 /* Debug */,
				63CC157126D05A9000AB0D24 /* Release */,
			);
			defaultConfigurationIsVisible = 0;
			defaultConfigurationName = Release;
		};
		63CC157226D05A9000AB0D24 /* Build configuration list for PBXNativeTarget "Tests macOS" */ = {
			isa = XCConfigurationList;
			buildConfigurations = (
				63CC157326D05A9000AB0D24 /* Debug */,
				63CC157426D05A9000AB0D24 /* Release */,
			);
			defaultConfigurationIsVisible = 0;
			defaultConfigurationName = Release;
		};
/* End XCConfigurationList section */
	};
	rootObject = 63CC153326D05A8F00AB0D24 /* Project object */;
}
